{
    "version": "0.5",
    "requires": [
        "zlib/1.3.1#cac0f6daea041b0ccf42934163defb20%1765284699.337",
        "sqlite3/3.53.4#89fcf5cda598966acb7f3e185b19c58d%1785239491.603",
        "spdlog/1.17.0#bcbaaf7147bda6ad24ffbd1ac3d7142c%1767636069.964",
        "protobuf/5.29.3#140f18fd93615a017c8575190c294b20%1759134878.134",
        "openssl/3.6.2#36f92686a9285adfe2ccd1c1dbf9ea35%1775635547.022",
        "nlohmann_json/3.12.0#2d634ab0ec8d9f56353e5ccef6d6612c%1744735883.94",
        "gtest/1.18.0#e2507fc4efe2ec9e2db9e5c91eefab9f%1786446847.733",
        "fmt/12.1.0#50abab23274d56bb8f42c94b3b9a40c7%1761885265.231",
        "duckdb/1.4.3#ecb0e2e91f6b0e1d062afa1fe1747999%1790765740.040434",
        "ctp/6.7.7#5ec0d66f5950cdcae63d357c23d1d296%1790584711.14547",
        "cpp-httplib/0.47.0#add6673ff352c26898ed2650453e706e%1784539639.401",
        "cli11/2.6.0#41e625280f9c960e9970c1dc7d2c97b8%1761229555.551",
        "asio/1.30.2#e85190b743d25c5434f28475421e2d9b%1713370529.058",
        "abseil/20250127.0#4242e8b46c00cdfbeb976f3d02990ba6%1761741491.734"
    ],
    "build_requires": [
        "strawberryperl/5.32.1.1#8d114504d172cfea8ea1662d09b6333e%1751971032.423",
        "nasm/2.16.01#31e26f2ee3c4346ecd347911bd126904%1745483323.489",
        "cmake/3.31.10#313d16a1aa16bbdb2ca0792467214b76%1763665505.054"
    ],
    "python_requires": [],
    "config_requires": []
}
